
Microsoft Visual Studio Solution File, Format Version 12.00
# Visual Studio Version 17
VisualStudioVersion = 17.14.36804.6
MinimumVisualStudioVersion = 10.0.40219.1
Project("{FAE04EC0-301F-11D3-BF4B-00C04F79EFBC}") = "MidOS", "MidOS.csproj", "{9F876649-34C4-484F-9FFF-35C0BB89924F}"
EndProject
Project("{2150E333-8FDC-42A3-9474-1A3956D46DE8}") = "Solution Items", "Solution Items", "{8EC462FD-D22E-90A8-E5CE-7E832BA40C5D}"
EndProject
Global
	GlobalSection(SolutionConfigurationPlatforms) = preSolution
		Debug|Any CPU = Debug|Any CPU
		Release|Any CPU = Release|Any CPU
	EndGlobalSection
	GlobalSection(ProjectConfigurationPlatforms) = postSolution
		{9F876649-34C4-484F-9FFF-35C0BB89924F}.Debug|Any CPU.ActiveCfg = Debug|Any CPU
		{9F876649-34C4-484F-9FFF-35C0BB89924F}.Debug|Any CPU.Build.0 = Debug|Any CPU
		{9F876649-34C4-484F-9FFF-35C0BB89924F}.Release|Any CPU.ActiveCfg = Release|Any CPU
		{9F876649-34C4-484F-9FFF-35C0BB89924F}.Release|Any CPU.Build.0 = Release|Any CPU
	EndGlobalSection
	GlobalSection(SolutionProperties) = preSolution
		HideSolutionNode = FALSE
	EndGlobalSection
	GlobalSection(ExtensibilityGlobals) = postSolution
		SolutionGuid = {D3903A37-6D70-4A33-A115-06A9AB4FD26C}
	EndGlobalSection
EndGlobal
